hash: a226f12c3de8a5b5fae4f45fd6ae26a36e8122d597c3b9686fa8bf44625bf09f
updated: 2017-08-25T22:17:07.083028145+01:00
imports:
- name: github.com/jteeuwen/go-bindata
  version: bbd0c6e271208dce66d8fda4bc536453cd27fc4a
- name: github.com/urfave/cli
  version: cfb38830724cc34fedffe9a2a29fb54fa9169cd1
testImports: []
