hash: 07a60f53a37e35924cb6f47f6d9924473b6881c0c8f795cdb3fa1e6eabcfe97a
updated: 2017-02-03T09:42:00.966350176Z
imports:
- name: github.com/jteeuwen/go-bindata
  version: a0ff2567cfb70903282db057e799fd826784d41d
- name: github.com/urfave/cli
  version: 0bdeddeeb0f650497d603c4ad7b20cfe685682f6
testImports: []
