github.com/urfave/cli v1.20.0 h1:fDqGv3UG/4jbVl/QkFwEdddtEDjh/5Ov6X+0B/3bPaw=
github.com/urfave/cli v1.20.0/go.mod h1:70zkFmudgCuE/ngEzBv17Jvp/497gISqfk5gWijbERA=
gopkg.in/make.v4 v4.0.4 h1:hj+6qb5dL0GPfccWq7rFbsePT+VGjhR3+KSVC19VaE4=
gopkg.in/make.v4 v4.0.4/go.mod h1:ybgNgs/vL+PTweQUYa5bzIvt0vxGYSq8PGNDIDJPTk8=
